<?xml version="1.0" encoding="UTF-8"?>
<Scheme
   LastUpgradeVersion = "1430"
   version = "1.7">
   <BuildAction
      parallelizeBuildables = "YES"
      buildImplicitDependencies = "YES"
      runPostActionsOnFailure = "NO">
      <BuildActionEntries>
         <BuildActionEntry
            buildForTesting = "YES"
            buildForRunning = "YES"
            buildForProfiling = "YES"
            buildForArchiving = "YES"
            buildForAnalyzing = "YES">
            <BuildableReference
               BuildableIdentifier = "primary"
               BlueprintIdentifier = "86ECD70C5BDFE3560AF3F10E"
               BuildableName = "MateDrive.app"
               BlueprintName = "MateDroidIOS"
               ReferencedContainer = "container:MateDroidIOS.xcodeproj">
            </BuildableReference>
         </BuildActionEntry>
         <BuildActionEntry
            buildForTesting = "YES"
            buildForRunning = "YES"
            buildForProfiling = "YES"
            buildForArchiving = "YES"
            buildForAnalyzing = "YES">
            <BuildableReference
               BuildableIdentifier = "primary"
               BlueprintIdentifier = "B4E34605E246EE9B103D5F7B"
               BuildableName = "MateDriveWidget.appex"
               BlueprintName = "MateDroidWidget"
               ReferencedContainer = "container:MateDroidIOS.xcodeproj">
            </BuildableReference>
         </BuildActionEntry>
      </BuildActionEntries>
   </BuildAction>
   <TestAction
      buildConfiguration = "Debug"
      selectedDebuggerIdentifier = "Xcode.DebuggerFoundation.Debugger.LLDB"
      selectedLauncherIdentifier = "Xcode.DebuggerFoundation.Launcher.LLDB"
      shouldUseLaunchSchemeArgsEnv = "NO"
      onlyGenerateCoverageForSpecifiedTargets = "NO">
      <MacroExpansion>
         <BuildableReference
            BuildableIdentifier = "primary"
            BlueprintIdentifier = "86ECD70C5BDFE3560AF3F10E"
            BuildableName = "MateDrive.app"
            BlueprintName = "MateDroidIOS"
            ReferencedContainer = "container:MateDroidIOS.xcodeproj">
         </BuildableReference>
      </MacroExpansion>
      <Testables>
         <TestableReference
            skipped = "NO"
            parallelizable = "NO">
            <BuildableReference
               BuildableIdentifier = "primary"
               BlueprintIdentifier = "AF6D3455A5B762B8BFA920C3"
               BuildableName = "MateDroidIOSTests.xctest"
               BlueprintName = "MateDroidIOSTests"
               ReferencedContainer = "container:MateDroidIOS.xcodeproj">
            </BuildableReference>
         </TestableReference>
      </Testables>
      <CommandLineArguments>
      </CommandLineArguments>
      <EnvironmentVariables>
         <EnvironmentVariable
            key = "MATEDRIVE_INTEGRATION_ACCESS_KEY"
            value = "$(MATEDRIVE_INTEGRATION_ACCESS_KEY)"
            isEnabled = "YES">
         </EnvironmentVariable>
         <EnvironmentVariable
            key = "MATEDRIVE_INTEGRATION_AKSK_BASE_URL"
            value = "$(MATEDRIVE_INTEGRATION_AKSK_BASE_URL)"
            isEnabled = "YES">
         </EnvironmentVariable>
         <EnvironmentVariable
            key = "MATEDRIVE_INTEGRATION_API_TOKEN"
            value = "$(MATEDRIVE_INTEGRATION_API_TOKEN)"
            isEnabled = "YES">
         </EnvironmentVariable>
         <EnvironmentVariable
            key = "MATEDRIVE_INTEGRATION_BASE_URL"
            value = "$(MATEDRIVE_INTEGRATION_BASE_URL)"
            isEnabled = "YES">
         </EnvironmentVariable>
         <EnvironmentVariable
            key = "MATEDRIVE_INTEGRATION_BASIC_PASSWORD"
            value = "$(MATEDRIVE_INTEGRATION_BASIC_PASSWORD)"
            isEnabled = "YES">
         </EnvironmentVariable>
         <EnvironmentVariable
            key = "MATEDRIVE_INTEGRATION_BASIC_USERNAME"
            value = "$(MATEDRIVE_INTEGRATION_BASIC_USERNAME)"
            isEnabled = "YES">
         </EnvironmentVariable>
         <EnvironmentVariable
            key = "MATEDRIVE_INTEGRATION_SECRET_KEY"
            value = "$(MATEDRIVE_INTEGRATION_SECRET_KEY)"
            isEnabled = "YES">
         </EnvironmentVariable>
      </EnvironmentVariables>
   </TestAction>
   <LaunchAction
      buildConfiguration = "Debug"
      selectedDebuggerIdentifier = "Xcode.DebuggerFoundation.Debugger.LLDB"
      selectedLauncherIdentifier = "Xcode.DebuggerFoundation.Launcher.LLDB"
      launchStyle = "0"
      useCustomWorkingDirectory = "NO"
      ignoresPersistentStateOnLaunch = "NO"
      debugDocumentVersioning = "YES"
      debugServiceExtension = "internal"
      allowLocationSimulation = "YES">
      <BuildableProductRunnable
         runnableDebuggingMode = "0">
         <BuildableReference
            BuildableIdentifier = "primary"
            BlueprintIdentifier = "86ECD70C5BDFE3560AF3F10E"
            BuildableName = "MateDrive.app"
            BlueprintName = "MateDroidIOS"
            ReferencedContainer = "container:MateDroidIOS.xcodeproj">
         </BuildableReference>
      </BuildableProductRunnable>
   </LaunchAction>
   <ProfileAction
      buildConfiguration = "Release"
      shouldUseLaunchSchemeArgsEnv = "YES"
      savedToolIdentifier = ""
      useCustomWorkingDirectory = "NO"
      debugDocumentVersioning = "YES">
      <BuildableProductRunnable
         runnableDebuggingMode = "0">
         <BuildableReference
            BuildableIdentifier = "primary"
            BlueprintIdentifier = "86ECD70C5BDFE3560AF3F10E"
            BuildableName = "MateDrive.app"
            BlueprintName = "MateDroidIOS"
            ReferencedContainer = "container:MateDroidIOS.xcodeproj">
         </BuildableReference>
      </BuildableProductRunnable>
   </ProfileAction>
   <AnalyzeAction
      buildConfiguration = "Debug">
   </AnalyzeAction>
   <ArchiveAction
      buildConfiguration = "Release"
      revealArchiveInOrganizer = "YES">
   </ArchiveAction>
</Scheme>
